
Microsoft Visual Studio Solution File, Format Version 12.00
# Visual Studio 2017
Project("{FAE04EC0-301F-11D3-BF4B-00C04F79EFBC}") = "Jump.Plugins", "Jump.Plugins.csproj", "{7FCE7FA9-ED6C-C1B1-EC25-980B13269626}"
EndProject
Project("{FAE04EC0-301F-11D3-BF4B-00C04F79EFBC}") = "Jump", "Jump.csproj", "{90B74F7E-3A38-64B2-7727-6CF4578FED94}"
EndProject
Project("{FAE04EC0-301F-11D3-BF4B-00C04F79EFBC}") = "Jump.Editor.Plugins", "Jump.Editor.Plugins.csproj", "{4DF5605C-3DC9-FD27-4EAA-C56FE98CE93B}"
EndProject
Global
	GlobalSection(SolutionConfigurationPlatforms) = preSolution
		Debug|Any CPU = Debug|Any CPU
		Release|Any CPU = Release|Any CPU
	EndGlobalSection
	GlobalSection(ProjectConfigurationPlatforms) = postSolution
		{7FCE7FA9-ED6C-C1B1-EC25-980B13269626}.Debug|Any CPU.ActiveCfg = Debug|Any CPU
		{7FCE7FA9-ED6C-C1B1-EC25-980B13269626}.Debug|Any CPU.Build.0 = Debug|Any CPU
		{7FCE7FA9-ED6C-C1B1-EC25-980B13269626}.Release|Any CPU.ActiveCfg = Release|Any CPU
		{7FCE7FA9-ED6C-C1B1-EC25-980B13269626}.Release|Any CPU.Build.0 = Release|Any CPU
		{90B74F7E-3A38-64B2-7727-6CF4578FED94}.Debug|Any CPU.ActiveCfg = Debug|Any CPU
		{90B74F7E-3A38-64B2-7727-6CF4578FED94}.Debug|Any CPU.Build.0 = Debug|Any CPU
		{90B74F7E-3A38-64B2-7727-6CF4578FED94}.Release|Any CPU.ActiveCfg = Release|Any CPU
		{90B74F7E-3A38-64B2-7727-6CF4578FED94}.Release|Any CPU.Build.0 = Release|Any CPU
		{4DF5605C-3DC9-FD27-4EAA-C56FE98CE93B}.Debug|Any CPU.ActiveCfg = Debug|Any CPU
		{4DF5605C-3DC9-FD27-4EAA-C56FE98CE93B}.Debug|Any CPU.Build.0 = Debug|Any CPU
		{4DF5605C-3DC9-FD27-4EAA-C56FE98CE93B}.Release|Any CPU.ActiveCfg = Release|Any CPU
		{4DF5605C-3DC9-FD27-4EAA-C56FE98CE93B}.Release|Any CPU.Build.0 = Release|Any CPU
	EndGlobalSection
	GlobalSection(SolutionProperties) = preSolution
		HideSolutionNode = FALSE
	EndGlobalSection
EndGlobal
